
Microsoft Visual Studio Solution File, Format Version 12.00
# Visual Studio Version 17
VisualStudioVersion = 17.6.33723.286
MinimumVisualStudioVersion = 10.0.40219.1
Project("{FAE04EC0-301F-11D3-BF4B-00C04F79EFBC}") = "AvaloniaApplication2", "AvaloniaApplication2\AvaloniaApplication2.csproj", "{AA495F6A-51A5-4972-8B20-C981C6AA6695}"
EndProject
Global
	GlobalSection(SolutionConfigurationPlatforms) = preSolution
		Debug|Any CPU = Debug|Any CPU
		Release|Any CPU = Release|Any CPU
	EndGlobalSection
	GlobalSection(ProjectConfigurationPlatforms) = postSolution
		{AA495F6A-51A5-4972-8B20-C981C6AA6695}.Debug|Any CPU.ActiveCfg = Debug|Any CPU
		{AA495F6A-51A5-4972-8B20-C981C6AA6695}.Debug|Any CPU.Build.0 = Debug|Any CPU
		{AA495F6A-51A5-4972-8B20-C981C6AA6695}.Release|Any CPU.ActiveCfg = Release|Any CPU
		{AA495F6A-51A5-4972-8B20-C981C6AA6695}.Release|Any CPU.Build.0 = Release|Any CPU
	EndGlobalSection
	GlobalSection(SolutionProperties) = preSolution
		HideSolutionNode = FALSE
	EndGlobalSection
	GlobalSection(ExtensibilityGlobals) = postSolution
		SolutionGuid = {D8CEF328-8DC3-4DEA-8653-04C72CECDB94}
	EndGlobalSection
EndGlobal
